{
  "name": "my-playground",
  "version": "1.0.0",
  "lockfileVersion": 2,
  "requires": true,
  "packages": {
    "": {
      "name": "my-playground",
      "version": "1.0.0",
      "dependencies": {
        "@monaco-editor/react": "^4.6.0",
        "react": "^18.3.1",
        "react-dom": "^18.3.1"
      },
      "devDependencies": {
        "@babel/standalone": "^7.24.5",
        "@rsbuild/core": "^0.6.15",
        "@rsbuild/plugin-react": "^0.6.15",
        "@types/babel__standalone": "^7.1.7",
        "@types/react": "^18.3.2",
        "@types/react-dom": "^18.3.0",
        "typescript": "^5.4.2"
      }
    },
    "node_modules/@babel/helper-string-parser": {
      "version": "7.24.1",
      "resolved": "https://bnpm.byted.org/@babel/helper-string-parser/-/helper-string-parser-7.24.1.tgz",
      "integrity": "sha512-2ofRCjnnA9y+wk8b9IAREroeUP02KHp431N2mhKniy2yKIDKpbrHv9eXwm8cBeWQYcJmzv5qKCu65P47eCF7CQ==",
      "dev": true,
      "engines": {
        "node": ">=6.9.0"
      }
    },
    "node_modules/@babel/helper-validator-identifier": {
      "version": "7.24.5",
      "resolved": "https://bnpm.byted.org/@babel/helper-validator-identifier/-/helper-validator-identifier-7.24.5.tgz",
      "integrity": "sha512-3q93SSKX2TWCG30M2G2kwaKeTYgEUp5Snjuj8qm729SObL6nbtUldAi37qbxkD5gg3xnBio+f9nqpSepGZMvxA==",
      "dev": true,
      "engines": {
        "node": ">=6.9.0"
      }
    },
    "node_modules/@babel/parser": {
      "version": "7.24.5",
      "resolved": "https://bnpm.byted.org/@babel/parser/-/parser-7.24.5.tgz",
      "integrity": "sha512-EOv5IK8arwh3LI47dz1b0tKUb/1uhHAnHJOrjgtQMIpu1uXd9mlFrJg9IUgGUgZ41Ch0K8REPTYpO7B76b4vJg==",
      "dev": true,
      "bin": {
        "parser": "bin/babel-parser.js"
      },
      "engines": {
        "node": ">=6.0.0"
      }
    },
    "node_modules/@babel/standalone": {
      "version": "7.24.5",
      "resolved": "https://bnpm.byted.org/@babel/standalone/-/standalone-7.24.5.tgz",
      "integrity": "sha512-Sl8oN9bGfRlNUA2jzfzoHEZxFBDliBlwi5mPVCAWKSlBNkXXJOHpu7SDOqjF6mRoTa6GNX/1kAWG3Tr+YQ3N7A==",
      "dev": true,
      "engines": {
        "node": ">=6.9.0"
      }
    },
    "node_modules/@babel/types": {
      "version": "7.24.5",
      "resolved": "https://bnpm.byted.org/@babel/types/-/types-7.24.5.tgz",
      "integrity": "sha512-6mQNsaLeXTw0nxYUYu+NSa4Hx4BlF1x1x8/PMFbiR+GBSr+2DkECc69b8hgy2frEodNcvPffeH8YfWd3LI6jhQ==",
      "dev": true,
      "dependencies": {
        "@babel/helper-string-parser": "^7.24.1",
        "@babel/helper-validator-identifier": "^7.24.5",
        "to-fast-properties": "^2.0.0"
      },
      "engines": {
        "node": ">=6.9.0"
      }
    },
    "node_modules/@module-federation/runtime": {
      "version": "0.1.6",
      "dev": true,
      "license": "MIT",
      "dependencies": {
        "@module-federation/sdk": "0.1.6"
      }
    },
    "node_modules/@module-federation/runtime-tools": {
      "version": "0.1.6",
      "dev": true,
      "license": "MIT",
      "dependencies": {
        "@module-federation/runtime": "0.1.6",
        "@module-federation/webpack-bundler-runtime": "0.1.6"
      }
    },
    "node_modules/@module-federation/sdk": {
      "version": "0.1.6",
      "dev": true,
      "license": "MIT"
    },
    "node_modules/@module-federation/webpack-bundler-runtime": {
      "version": "0.1.6",
      "dev": true,
      "license": "MIT",
      "dependencies": {
        "@module-federation/runtime": "0.1.6",
        "@module-federation/sdk": "0.1.6"
      }
    },
    "node_modules/@monaco-editor/loader": {
      "version": "1.4.0",
      "resolved": "https://bnpm.byted.org/@monaco-editor/loader/-/loader-1.4.0.tgz",
      "integrity": "sha512-00ioBig0x642hytVspPl7DbQyaSWRaolYie/UFNjoTdvoKPzo6xrXLhTk9ixgIKcLH5b5vDOjVNiGyY+uDCUlg==",
      "dependencies": {
        "state-local": "^1.0.6"
      },
      "peerDependencies": {
        "monaco-editor": ">= 0.21.0 < 1"
      }
    },
    "node_modules/@monaco-editor/react": {
      "version": "4.6.0",
      "resolved": "https://bnpm.byted.org/@monaco-editor/react/-/react-4.6.0.tgz",
      "integrity": "sha512-RFkU9/i7cN2bsq/iTkurMWOEErmYcY6JiQI3Jn+WeR/FGISH8JbHERjpS9oRuSOPvDMJI0Z8nJeKkbOs9sBYQw==",
      "dependencies": {
        "@monaco-editor/loader": "^1.4.0"
      },
      "peerDependencies": {
        "monaco-editor": ">= 0.25.0 < 1",
        "react": "^16.8.0 || ^17.0.0 || ^18.0.0",
        "react-dom": "^16.8.0 || ^17.0.0 || ^18.0.0"
      }
    },
    "node_modules/@rsbuild/core": {
      "version": "0.6.15",
      "dev": true,
      "license": "MIT",
      "dependencies": {
        "@rsbuild/shared": "0.6.15",
        "@rspack/core": "0.6.5",
        "@swc/helpers": "0.5.3",
        "core-js": "~3.36.0",
        "html-webpack-plugin": "npm:html-rspack-plugin@5.7.2",
        "postcss": "^8.4.38"
      },
      "bin": {
        "rsbuild": "bin/rsbuild.js"
      },
      "engines": {
        "node": ">=16.0.0"
      }
    },
    "node_modules/@rsbuild/plugin-react": {
      "version": "0.6.15",
      "dev": true,
      "license": "MIT",
      "dependencies": {
        "@rsbuild/shared": "0.6.15",
        "@rspack/plugin-react-refresh": "0.6.5",
        "react-refresh": "^0.14.2"
      },
      "peerDependencies": {
        "@rsbuild/core": "^0.6.15"
      }
    },
    "node_modules/@rsbuild/shared": {
      "version": "0.6.15",
      "dev": true,
      "license": "MIT",
      "dependencies": {
        "@rspack/core": "0.6.5",
        "caniuse-lite": "^1.0.30001617",
        "postcss": "^8.4.38"
      },
      "optionalDependencies": {
        "fsevents": "~2.3.3"
      }
    },
    "node_modules/@rspack/binding": {
      "version": "0.6.5",
      "dev": true,
      "license": "MIT",
      "optionalDependencies": {
        "@rspack/binding-darwin-arm64": "0.6.5",
        "@rspack/binding-darwin-x64": "0.6.5",
        "@rspack/binding-linux-arm64-gnu": "0.6.5",
        "@rspack/binding-linux-arm64-musl": "0.6.5",
        "@rspack/binding-linux-x64-gnu": "0.6.5",
        "@rspack/binding-linux-x64-musl": "0.6.5",
        "@rspack/binding-win32-arm64-msvc": "0.6.5",
        "@rspack/binding-win32-ia32-msvc": "0.6.5",
        "@rspack/binding-win32-x64-msvc": "0.6.5"
      }
    },
    "node_modules/@rspack/binding-darwin-x64": {
      "version": "0.6.5",
      "cpu": [
        "x64"
      ],
      "dev": true,
      "license": "MIT",
      "optional": true,
      "os": [
        "darwin"
      ]
    },
    "node_modules/@rspack/core": {
      "version": "0.6.5",
      "dev": true,
      "license": "MIT",
      "dependencies": {
        "@module-federation/runtime-tools": "0.1.6",
        "@rspack/binding": "0.6.5",
        "caniuse-lite": "^1.0.30001616",
        "enhanced-resolve": "5.12.0",
        "tapable": "2.2.1",
        "webpack-sources": "3.2.3"
      },
      "engines": {
        "node": ">=16.0.0"
      },
      "peerDependencies": {
        "@swc/helpers": ">=0.5.1"
      },
      "peerDependenciesMeta": {
        "@swc/helpers": {
          "optional": true
        }
      }
    },
    "node_modules/@rspack/plugin-react-refresh": {
      "version": "0.6.5",
      "dev": true,
      "license": "MIT",
      "peerDependencies": {
        "react-refresh": ">=0.10.0 <1.0.0"
      },
      "peerDependenciesMeta": {
        "react-refresh": {
          "optional": true
        }
      }
    },
    "node_modules/@swc/helpers": {
      "version": "0.5.3",
      "dev": true,
      "license": "Apache-2.0",
      "dependencies": {
        "tslib": "^2.4.0"
      }
    },
    "node_modules/@types/babel__core": {
      "version": "7.20.5",
      "resolved": "https://bnpm.byted.org/@types/babel__core/-/babel__core-7.20.5.tgz",
      "integrity": "sha512-qoQprZvz5wQFJwMDqeseRXWv3rqMvhgpbXFfVyWhbx9X47POIA6i/+dXefEmZKoAgOaTdaIgNSMqMIU61yRyzA==",
      "dev": true,
      "dependencies": {
        "@babel/parser": "^7.20.7",
        "@babel/types": "^7.20.7",
        "@types/babel__generator": "*",
        "@types/babel__template": "*",
        "@types/babel__traverse": "*"
      }
    },
    "node_modules/@types/babel__generator": {
      "version": "7.6.8",
      "resolved": "https://bnpm.byted.org/@types/babel__generator/-/babel__generator-7.6.8.tgz",
      "integrity": "sha512-ASsj+tpEDsEiFr1arWrlN6V3mdfjRMZt6LtK/Vp/kreFLnr5QH5+DhvD5nINYZXzwJvXeGq+05iUXcAzVrqWtw==",
      "dev": true,
      "dependencies": {
        "@babel/types": "^7.0.0"
      }
    },
    "node_modules/@types/babel__standalone": {
      "version": "7.1.7",
      "resolved": "https://bnpm.byted.org/@types/babel__standalone/-/babel__standalone-7.1.7.tgz",
      "integrity": "sha512-4RUJX9nWrP/emaZDzxo/+RYW8zzLJTXWJyp2k78HufG459HCz754hhmSymt3VFOU6/Wy+IZqfPvToHfLuGOr7w==",
      "dev": true,
      "dependencies": {
        "@types/babel__core": "^7.1.0"
      }
    },
    "node_modules/@types/babel__template": {
      "version": "7.4.4",
      "resolved": "https://bnpm.byted.org/@types/babel__template/-/babel__template-7.4.4.tgz",
      "integrity": "sha512-h/NUaSyG5EyxBIp8YRxo4RMe2/qQgvyowRwVMzhYhBCONbW8PUsg4lkFMrhgZhUe5z3L3MiLDuvyJ/CaPa2A8A==",
      "dev": true,
      "dependencies": {
        "@babel/parser": "^7.1.0",
        "@babel/types": "^7.0.0"
      }
    },
    "node_modules/@types/babel__traverse": {
      "version": "7.20.5",
      "resolved": "https://bnpm.byted.org/@types/babel__traverse/-/babel__traverse-7.20.5.tgz",
      "integrity": "sha512-WXCyOcRtH37HAUkpXhUduaxdm82b4GSlyTqajXviN4EfiuPgNYR109xMCKvpl6zPIpua0DGlMEDCq+g8EdoheQ==",
      "dev": true,
      "dependencies": {
        "@babel/types": "^7.20.7"
      }
    },
    "node_modules/@types/prop-types": {
      "version": "15.7.12",
      "dev": true,
      "license": "MIT"
    },
    "node_modules/@types/react": {
      "version": "18.3.2",
      "dev": true,
      "license": "MIT",
      "dependencies": {
        "@types/prop-types": "*",
        "csstype": "^3.0.2"
      }
    },
    "node_modules/@types/react-dom": {
      "version": "18.3.0",
      "dev": true,
      "license": "MIT",
      "dependencies": {
        "@types/react": "*"
      }
    },
    "node_modules/caniuse-lite": {
      "version": "1.0.30001618",
      "dev": true,
      "funding": [
        {
          "type": "opencollective",
          "url": "https://opencollective.com/browserslist"
        },
        {
          "type": "tidelift",
          "url": "https://tidelift.com/funding/github/npm/caniuse-lite"
        },
        {
          "type": "github",
          "url": "https://github.com/sponsors/ai"
        }
      ],
      "license": "CC-BY-4.0"
    },
    "node_modules/core-js": {
      "version": "3.36.1",
      "dev": true,
      "hasInstallScript": true,
      "license": "MIT",
      "funding": {
        "type": "opencollective",
        "url": "https://opencollective.com/core-js"
      }
    },
    "node_modules/csstype": {
      "version": "3.1.3",
      "dev": true,
      "license": "MIT"
    },
    "node_modules/enhanced-resolve": {
      "version": "5.12.0",
      "dev": true,
      "license": "MIT",
      "dependencies": {
        "graceful-fs": "^4.2.4",
        "tapable": "^2.2.0"
      },
      "engines": {
        "node": ">=10.13.0"
      }
    },
    "node_modules/fsevents": {
      "version": "2.3.3",
      "dev": true,
      "license": "MIT",
      "optional": true,
      "os": [
        "darwin"
      ],
      "engines": {
        "node": "^8.16.0 || ^10.6.0 || >=11.0.0"
      }
    },
    "node_modules/graceful-fs": {
      "version": "4.2.11",
      "dev": true,
      "license": "ISC"
    },
    "node_modules/html-webpack-plugin": {
      "name": "html-rspack-plugin",
      "version": "5.7.2",
      "dev": true,
      "license": "MIT",
      "engines": {
        "node": ">=10.13.0"
      },
      "funding": {
        "type": "opencollective",
        "url": "https://opencollective.com/html-webpack-plugin"
      },
      "peerDependencies": {
        "@rspack/core": "0.x || 1.x"
      },
      "peerDependenciesMeta": {
        "@rspack/core": {
          "optional": true
        }
      }
    },
    "node_modules/js-tokens": {
      "version": "4.0.0",
      "license": "MIT"
    },
    "node_modules/loose-envify": {
      "version": "1.4.0",
      "license": "MIT",
      "dependencies": {
        "js-tokens": "^3.0.0 || ^4.0.0"
      },
      "bin": {
        "loose-envify": "cli.js"
      }
    },
    "node_modules/monaco-editor": {
      "version": "0.48.0",
      "resolved": "https://bnpm.byted.org/monaco-editor/-/monaco-editor-0.48.0.tgz",
      "integrity": "sha512-goSDElNqFfw7iDHMg8WDATkfcyeLTNpBHQpO8incK6p5qZt5G/1j41X0xdGzpIkGojGXM+QiRQyLjnfDVvrpwA==",
      "peer": true
    },
    "node_modules/nanoid": {
      "version": "3.3.7",
      "dev": true,
      "funding": [
        {
          "type": "github",
          "url": "https://github.com/sponsors/ai"
        }
      ],
      "license": "MIT",
      "bin": {
        "nanoid": "bin/nanoid.cjs"
      },
      "engines": {
        "node": "^10 || ^12 || ^13.7 || ^14 || >=15.0.1"
      }
    },
    "node_modules/picocolors": {
      "version": "1.0.1",
      "dev": true,
      "license": "ISC"
    },
    "node_modules/postcss": {
      "version": "8.4.38",
      "dev": true,
      "funding": [
        {
          "type": "opencollective",
          "url": "https://opencollective.com/postcss/"
        },
        {
          "type": "tidelift",
          "url": "https://tidelift.com/funding/github/npm/postcss"
        },
        {
          "type": "github",
          "url": "https://github.com/sponsors/ai"
        }
      ],
      "license": "MIT",
      "dependencies": {
        "nanoid": "^3.3.7",
        "picocolors": "^1.0.0",
        "source-map-js": "^1.2.0"
      },
      "engines": {
        "node": "^10 || ^12 || >=14"
      }
    },
    "node_modules/react": {
      "version": "18.3.1",
      "license": "MIT",
      "dependencies": {
        "loose-envify": "^1.1.0"
      },
      "engines": {
        "node": ">=0.10.0"
      }
    },
    "node_modules/react-dom": {
      "version": "18.3.1",
      "license": "MIT",
      "dependencies": {
        "loose-envify": "^1.1.0",
        "scheduler": "^0.23.2"
      },
      "peerDependencies": {
        "react": "^18.3.1"
      }
    },
    "node_modules/react-refresh": {
      "version": "0.14.2",
      "dev": true,
      "license": "MIT",
      "engines": {
        "node": ">=0.10.0"
      }
    },
    "node_modules/scheduler": {
      "version": "0.23.2",
      "license": "MIT",
      "dependencies": {
        "loose-envify": "^1.1.0"
      }
    },
    "node_modules/source-map-js": {
      "version": "1.2.0",
      "dev": true,
      "license": "BSD-3-Clause",
      "engines": {
        "node": ">=0.10.0"
      }
    },
    "node_modules/state-local": {
      "version": "1.0.7",
      "resolved": "https://bnpm.byted.org/state-local/-/state-local-1.0.7.tgz",
      "integrity": "sha512-HTEHMNieakEnoe33shBYcZ7NX83ACUjCu8c40iOGEZsngj9zRnkqS9j1pqQPXwobB0ZcVTk27REb7COQ0UR59w=="
    },
    "node_modules/tapable": {
      "version": "2.2.1",
      "dev": true,
      "license": "MIT",
      "engines": {
        "node": ">=6"
      }
    },
    "node_modules/to-fast-properties": {
      "version": "2.0.0",
      "resolved": "https://bnpm.byted.org/to-fast-properties/-/to-fast-properties-2.0.0.tgz",
      "integrity": "sha512-/OaKK0xYrs3DmxRYqL/yDc+FxFUVYhDlXMhRmv3z915w2HF1tnN1omB354j8VUGO/hbRzyD6Y3sA7v7GS/ceog==",
      "dev": true,
      "engines": {
        "node": ">=4"
      }
    },
    "node_modules/tslib": {
      "version": "2.6.2",
      "dev": true,
      "license": "0BSD"
    },
    "node_modules/typescript": {
      "version": "5.4.5",
      "dev": true,
      "license": "Apache-2.0",
      "bin": {
        "tsc": "bin/tsc",
        "tsserver": "bin/tsserver"
      },
      "engines": {
        "node": ">=14.17"
      }
    },
    "node_modules/webpack-sources": {
      "version": "3.2.3",
      "dev": true,
      "license": "MIT",
      "engines": {
        "node": ">=10.13.0"
      }
    }
  },
  "dependencies": {
    "@babel/helper-string-parser": {
      "version": "7.24.1",
      "resolved": "https://bnpm.byted.org/@babel/helper-string-parser/-/helper-string-parser-7.24.1.tgz",
      "integrity": "sha512-2ofRCjnnA9y+wk8b9IAREroeUP02KHp431N2mhKniy2yKIDKpbrHv9eXwm8cBeWQYcJmzv5qKCu65P47eCF7CQ==",
      "dev": true
    },
    "@babel/helper-validator-identifier": {
      "version": "7.24.5",
      "resolved": "https://bnpm.byted.org/@babel/helper-validator-identifier/-/helper-validator-identifier-7.24.5.tgz",
      "integrity": "sha512-3q93SSKX2TWCG30M2G2kwaKeTYgEUp5Snjuj8qm729SObL6nbtUldAi37qbxkD5gg3xnBio+f9nqpSepGZMvxA==",
      "dev": true
    },
    "@babel/parser": {
      "version": "7.24.5",
      "resolved": "https://bnpm.byted.org/@babel/parser/-/parser-7.24.5.tgz",
      "integrity": "sha512-EOv5IK8arwh3LI47dz1b0tKUb/1uhHAnHJOrjgtQMIpu1uXd9mlFrJg9IUgGUgZ41Ch0K8REPTYpO7B76b4vJg==",
      "dev": true
    },
    "@babel/standalone": {
      "version": "7.24.5",
      "resolved": "https://bnpm.byted.org/@babel/standalone/-/standalone-7.24.5.tgz",
      "integrity": "sha512-Sl8oN9bGfRlNUA2jzfzoHEZxFBDliBlwi5mPVCAWKSlBNkXXJOHpu7SDOqjF6mRoTa6GNX/1kAWG3Tr+YQ3N7A==",
      "dev": true
    },
    "@babel/types": {
      "version": "7.24.5",
      "resolved": "https://bnpm.byted.org/@babel/types/-/types-7.24.5.tgz",
      "integrity": "sha512-6mQNsaLeXTw0nxYUYu+NSa4Hx4BlF1x1x8/PMFbiR+GBSr+2DkECc69b8hgy2frEodNcvPffeH8YfWd3LI6jhQ==",
      "dev": true,
      "requires": {
        "@babel/helper-string-parser": "^7.24.1",
        "@babel/helper-validator-identifier": "^7.24.5",
        "to-fast-properties": "^2.0.0"
      }
    },
    "@module-federation/runtime": {
      "version": "0.1.6",
      "dev": true,
      "requires": {
        "@module-federation/sdk": "0.1.6"
      }
    },
    "@module-federation/runtime-tools": {
      "version": "0.1.6",
      "dev": true,
      "requires": {
        "@module-federation/runtime": "0.1.6",
        "@module-federation/webpack-bundler-runtime": "0.1.6"
      }
    },
    "@module-federation/sdk": {
      "version": "0.1.6",
      "dev": true
    },
    "@module-federation/webpack-bundler-runtime": {
      "version": "0.1.6",
      "dev": true,
      "requires": {
        "@module-federation/runtime": "0.1.6",
        "@module-federation/sdk": "0.1.6"
      }
    },
    "@monaco-editor/loader": {
      "version": "1.4.0",
      "resolved": "https://bnpm.byted.org/@monaco-editor/loader/-/loader-1.4.0.tgz",
      "integrity": "sha512-00ioBig0x642hytVspPl7DbQyaSWRaolYie/UFNjoTdvoKPzo6xrXLhTk9ixgIKcLH5b5vDOjVNiGyY+uDCUlg==",
      "requires": {
        "state-local": "^1.0.6"
      }
    },
    "@monaco-editor/react": {
      "version": "4.6.0",
      "resolved": "https://bnpm.byted.org/@monaco-editor/react/-/react-4.6.0.tgz",
      "integrity": "sha512-RFkU9/i7cN2bsq/iTkurMWOEErmYcY6JiQI3Jn+WeR/FGISH8JbHERjpS9oRuSOPvDMJI0Z8nJeKkbOs9sBYQw==",
      "requires": {
        "@monaco-editor/loader": "^1.4.0"
      }
    },
    "@rsbuild/core": {
      "version": "0.6.15",
      "dev": true,
      "requires": {
        "@rsbuild/shared": "0.6.15",
        "@rspack/core": "0.6.5",
        "@swc/helpers": "0.5.3",
        "core-js": "~3.36.0",
        "html-webpack-plugin": "npm:html-rspack-plugin@5.7.2",
        "postcss": "^8.4.38"
      }
    },
    "@rsbuild/plugin-react": {
      "version": "0.6.15",
      "dev": true,
      "requires": {
        "@rsbuild/shared": "0.6.15",
        "@rspack/plugin-react-refresh": "0.6.5",
        "react-refresh": "^0.14.2"
      }
    },
    "@rsbuild/shared": {
      "version": "0.6.15",
      "dev": true,
      "requires": {
        "@rspack/core": "0.6.5",
        "caniuse-lite": "^1.0.30001617",
        "fsevents": "~2.3.3",
        "postcss": "^8.4.38"
      }
    },
    "@rspack/binding": {
      "version": "0.6.5",
      "dev": true,
      "requires": {
        "@rspack/binding-darwin-arm64": "0.6.5",
        "@rspack/binding-darwin-x64": "0.6.5",
        "@rspack/binding-linux-arm64-gnu": "0.6.5",
        "@rspack/binding-linux-arm64-musl": "0.6.5",
        "@rspack/binding-linux-x64-gnu": "0.6.5",
        "@rspack/binding-linux-x64-musl": "0.6.5",
        "@rspack/binding-win32-arm64-msvc": "0.6.5",
        "@rspack/binding-win32-ia32-msvc": "0.6.5",
        "@rspack/binding-win32-x64-msvc": "0.6.5"
      }
    },
    "@rspack/binding-darwin-x64": {
      "version": "0.6.5",
      "dev": true,
      "optional": true
    },
    "@rspack/core": {
      "version": "0.6.5",
      "dev": true,
      "requires": {
        "@module-federation/runtime-tools": "0.1.6",
        "@rspack/binding": "0.6.5",
        "caniuse-lite": "^1.0.30001616",
        "enhanced-resolve": "5.12.0",
        "tapable": "2.2.1",
        "webpack-sources": "3.2.3"
      }
    },
    "@rspack/plugin-react-refresh": {
      "version": "0.6.5",
      "dev": true,
      "requires": {}
    },
    "@swc/helpers": {
      "version": "0.5.3",
      "dev": true,
      "requires": {
        "tslib": "^2.4.0"
      }
    },
    "@types/babel__core": {
      "version": "7.20.5",
      "resolved": "https://bnpm.byted.org/@types/babel__core/-/babel__core-7.20.5.tgz",
      "integrity": "sha512-qoQprZvz5wQFJwMDqeseRXWv3rqMvhgpbXFfVyWhbx9X47POIA6i/+dXefEmZKoAgOaTdaIgNSMqMIU61yRyzA==",
      "dev": true,
      "requires": {
        "@babel/parser": "^7.20.7",
        "@babel/types": "^7.20.7",
        "@types/babel__generator": "*",
        "@types/babel__template": "*",
        "@types/babel__traverse": "*"
      }
    },
    "@types/babel__generator": {
      "version": "7.6.8",
      "resolved": "https://bnpm.byted.org/@types/babel__generator/-/babel__generator-7.6.8.tgz",
      "integrity": "sha512-ASsj+tpEDsEiFr1arWrlN6V3mdfjRMZt6LtK/Vp/kreFLnr5QH5+DhvD5nINYZXzwJvXeGq+05iUXcAzVrqWtw==",
      "dev": true,
      "requires": {
        "@babel/types": "^7.0.0"
      }
    },
    "@types/babel__standalone": {
      "version": "7.1.7",
      "resolved": "https://bnpm.byted.org/@types/babel__standalone/-/babel__standalone-7.1.7.tgz",
      "integrity": "sha512-4RUJX9nWrP/emaZDzxo/+RYW8zzLJTXWJyp2k78HufG459HCz754hhmSymt3VFOU6/Wy+IZqfPvToHfLuGOr7w==",
      "dev": true,
      "requires": {
        "@types/babel__core": "^7.1.0"
      }
    },
    "@types/babel__template": {
      "version": "7.4.4",
      "resolved": "https://bnpm.byted.org/@types/babel__template/-/babel__template-7.4.4.tgz",
      "integrity": "sha512-h/NUaSyG5EyxBIp8YRxo4RMe2/qQgvyowRwVMzhYhBCONbW8PUsg4lkFMrhgZhUe5z3L3MiLDuvyJ/CaPa2A8A==",
      "dev": true,
      "requires": {
        "@babel/parser": "^7.1.0",
        "@babel/types": "^7.0.0"
      }
    },
    "@types/babel__traverse": {
      "version": "7.20.5",
      "resolved": "https://bnpm.byted.org/@types/babel__traverse/-/babel__traverse-7.20.5.tgz",
      "integrity": "sha512-WXCyOcRtH37HAUkpXhUduaxdm82b4GSlyTqajXviN4EfiuPgNYR109xMCKvpl6zPIpua0DGlMEDCq+g8EdoheQ==",
      "dev": true,
      "requires": {
        "@babel/types": "^7.20.7"
      }
    },
    "@types/prop-types": {
      "version": "15.7.12",
      "dev": true
    },
    "@types/react": {
      "version": "18.3.2",
      "dev": true,
      "requires": {
        "@types/prop-types": "*",
        "csstype": "^3.0.2"
      }
    },
    "@types/react-dom": {
      "version": "18.3.0",
      "dev": true,
      "requires": {
        "@types/react": "*"
      }
    },
    "caniuse-lite": {
      "version": "1.0.30001618",
      "dev": true
    },
    "core-js": {
      "version": "3.36.1",
      "dev": true
    },
    "csstype": {
      "version": "3.1.3",
      "dev": true
    },
    "enhanced-resolve": {
      "version": "5.12.0",
      "dev": true,
      "requires": {
        "graceful-fs": "^4.2.4",
        "tapable": "^2.2.0"
      }
    },
    "fsevents": {
      "version": "2.3.3",
      "dev": true,
      "optional": true
    },
    "graceful-fs": {
      "version": "4.2.11",
      "dev": true
    },
    "html-webpack-plugin": {
      "version": "npm:html-rspack-plugin@5.7.2",
      "dev": true,
      "requires": {}
    },
    "js-tokens": {
      "version": "4.0.0"
    },
    "loose-envify": {
      "version": "1.4.0",
      "requires": {
        "js-tokens": "^3.0.0 || ^4.0.0"
      }
    },
    "monaco-editor": {
      "version": "0.48.0",
      "resolved": "https://bnpm.byted.org/monaco-editor/-/monaco-editor-0.48.0.tgz",
      "integrity": "sha512-goSDElNqFfw7iDHMg8WDATkfcyeLTNpBHQpO8incK6p5qZt5G/1j41X0xdGzpIkGojGXM+QiRQyLjnfDVvrpwA==",
      "peer": true
    },
    "nanoid": {
      "version": "3.3.7",
      "dev": true
    },
    "picocolors": {
      "version": "1.0.1",
      "dev": true
    },
    "postcss": {
      "version": "8.4.38",
      "dev": true,
      "requires": {
        "nanoid": "^3.3.7",
        "picocolors": "^1.0.0",
        "source-map-js": "^1.2.0"
      }
    },
    "react": {
      "version": "18.3.1",
      "requires": {
        "loose-envify": "^1.1.0"
      }
    },
    "react-dom": {
      "version": "18.3.1",
      "requires": {
        "loose-envify": "^1.1.0",
        "scheduler": "^0.23.2"
      }
    },
    "react-refresh": {
      "version": "0.14.2",
      "dev": true
    },
    "scheduler": {
      "version": "0.23.2",
      "requires": {
        "loose-envify": "^1.1.0"
      }
    },
    "source-map-js": {
      "version": "1.2.0",
      "dev": true
    },
    "state-local": {
      "version": "1.0.7",
      "resolved": "https://bnpm.byted.org/state-local/-/state-local-1.0.7.tgz",
      "integrity": "sha512-HTEHMNieakEnoe33shBYcZ7NX83ACUjCu8c40iOGEZsngj9zRnkqS9j1pqQPXwobB0ZcVTk27REb7COQ0UR59w=="
    },
    "tapable": {
      "version": "2.2.1",
      "dev": true
    },
    "to-fast-properties": {
      "version": "2.0.0",
      "resolved": "https://bnpm.byted.org/to-fast-properties/-/to-fast-properties-2.0.0.tgz",
      "integrity": "sha512-/OaKK0xYrs3DmxRYqL/yDc+FxFUVYhDlXMhRmv3z915w2HF1tnN1omB354j8VUGO/hbRzyD6Y3sA7v7GS/ceog==",
      "dev": true
    },
    "tslib": {
      "version": "2.6.2",
      "dev": true
    },
    "typescript": {
      "version": "5.4.5",
      "dev": true
    },
    "webpack-sources": {
      "version": "3.2.3",
      "dev": true
    }
  }
}
