# THIS IS AN AUTOGENERATED FILE. DO NOT EDIT THIS FILE DIRECTLY.
# yarn lockfile v1


"@module-federation/runtime-tools@0.1.6":
  version "0.1.6"
  resolved "https://bnpm.byted.org/@module-federation/runtime-tools/-/runtime-tools-0.1.6.tgz#ee9bbe8c6e823b4c641695c91ab0b0bfdc5b3102"
  integrity sha512-7ILVnzMIa0Dlc0Blck5tVZG1tnk1MmLnuZpLOMpbdW+zl+N6wdMjjHMjEZFCUAJh2E5XJ3BREwfX8Ets0nIkLg==
  dependencies:
    "@module-federation/runtime" "0.1.6"
    "@module-federation/webpack-bundler-runtime" "0.1.6"

"@module-federation/runtime@0.1.6":
  version "0.1.6"
  resolved "https://bnpm.byted.org/@module-federation/runtime/-/runtime-0.1.6.tgz#e56adb6bdb0c5264ba5740d0aa64568f19a0c3be"
  integrity sha512-nj6a+yJ+QxmcE89qmrTl4lphBIoAds0PFPVGnqLRWflwAP88jrCcrrTqRhARegkFDL+wE9AE04+h6jzlbIfMKg==
  dependencies:
    "@module-federation/sdk" "0.1.6"

"@module-federation/sdk@0.1.6":
  version "0.1.6"
  resolved "https://bnpm.byted.org/@module-federation/sdk/-/sdk-0.1.6.tgz#4d64b206ef6bddd99ca74680f278a2134a493dd5"
  integrity sha512-qifXpyYLM7abUeEOIfv0oTkguZgRZuwh89YOAYIZJlkP6QbRG7DJMQvtM8X2yHXm9PTk0IYNnOJH0vNQCo6auQ==

"@module-federation/webpack-bundler-runtime@0.1.6":
  version "0.1.6"
  resolved "https://bnpm.byted.org/@module-federation/webpack-bundler-runtime/-/webpack-bundler-runtime-0.1.6.tgz#8520435913ca10e4f259e825d9521002595ba769"
  integrity sha512-K5WhKZ4RVNaMEtfHsd/9CNCgGKB0ipbm/tgweNNeC11mEuBTNxJ09Y630vg3WPkKv9vfMCuXg2p2Dk+Q/KWTSA==
  dependencies:
    "@module-federation/runtime" "0.1.6"
    "@module-federation/sdk" "0.1.6"

"@rsbuild/core@^0.6.15":
  version "0.6.15"
  resolved "https://bnpm.byted.org/@rsbuild/core/-/core-0.6.15.tgz#adcb5fbb178beb9dbb07b1a4f47784afd9b357ee"
  integrity sha512-wT9gyfRHyXJamR6fvlWzOpWGmI+2w+LMNIvAItY6AjCIT1zgfK0OOkChR4KGTTOWj68b/t0BnuBy1b2PV3DLyw==
  dependencies:
    "@rsbuild/shared" "0.6.15"
    "@rspack/core" "0.6.5"
    "@swc/helpers" "0.5.3"
    core-js "~3.36.0"
    html-webpack-plugin "npm:html-rspack-plugin@5.7.2"
    postcss "^8.4.38"

"@rsbuild/plugin-react@^0.6.15":
  version "0.6.15"
  resolved "https://bnpm.byted.org/@rsbuild/plugin-react/-/plugin-react-0.6.15.tgz#9cf93ac84b488e4383ff3b14b8ad207c105726ba"
  integrity sha512-ZLFF5qYgQPKbJ5IL85XayadryxnHoaLUUjd2ewf/d/TRUh2NiWyZGaNzRytbmhaxI0WW8RUkZdy5aX3xyiZbTA==
  dependencies:
    "@rsbuild/shared" "0.6.15"
    "@rspack/plugin-react-refresh" "0.6.5"
    react-refresh "^0.14.2"

"@rsbuild/shared@0.6.15":
  version "0.6.15"
  resolved "https://bnpm.byted.org/@rsbuild/shared/-/shared-0.6.15.tgz#9a126b07fe5bbfb6c0ddf2a42a4fd70b6c4d6008"
  integrity sha512-siBYUQL3qVINLDkIBaxx4caNb+zZ+Jb8WtN2RgRT5buLW+PU5fXUs5vGwjFz6B6wCxO/vLr78X/FjaCmxMv8HA==
  dependencies:
    "@rspack/core" "0.6.5"
    caniuse-lite "^1.0.30001617"
    postcss "^8.4.38"
  optionalDependencies:
    fsevents "~2.3.3"

"@rspack/binding-darwin-arm64@0.6.5":
  version "0.6.5"
  resolved "https://bnpm.byted.org/@rspack/binding-darwin-arm64/-/binding-darwin-arm64-0.6.5.tgz#cce4a54b3ae2327e199a1e4f0bf1058bf2d0494a"
  integrity sha512-5Zbs3buzF80MZoWnnpm/ZqQ2ZLKWjmmy94gDMeJhG39lKcpK2J2NyDXVis2ZSg7uUvKyJ662BEgIE1AnTWjnYg==

"@rspack/binding-darwin-x64@0.6.5":
  version "0.6.5"
  resolved "https://bnpm.byted.org/@rspack/binding-darwin-x64/-/binding-darwin-x64-0.6.5.tgz#9f8d3ca6d28e078cf5365d1079e79eafec12d55e"
  integrity sha512-oA1R0OF8r7y8+oLynnZC9EgysLoOBuu1yYG90gHmrkdzRjjmYe4auNhuSLLqF+WOqXw/zGSujiUbnVMjLEWIBg==

"@rspack/binding-linux-arm64-gnu@0.6.5":
  version "0.6.5"
  resolved "https://bnpm.byted.org/@rspack/binding-linux-arm64-gnu/-/binding-linux-arm64-gnu-0.6.5.tgz#7869184428701b50d5497197e07916a620c3b5ee"
  integrity sha512-xK2Ji9yCJSZE5HSRBS7R67HPahYd0WR16NefycrkmIEDR28B2T5CnvbqyNivnu7Coy1haHWisgfTV/NbjLd5fA==

"@rspack/binding-linux-arm64-musl@0.6.5":
  version "0.6.5"
  resolved "https://bnpm.byted.org/@rspack/binding-linux-arm64-musl/-/binding-linux-arm64-musl-0.6.5.tgz#8acd4711ff3f02b5ddcbfa1563c9534097168439"
  integrity sha512-nPDUf6TkzJWxqi6gQQz+Ypd2BPDiufh0gd0yFExIZyguE93amVbzJEfKeCQdvHZL5W/9XaYJoDKSOuCwMdLhiQ==

"@rspack/binding-linux-x64-gnu@0.6.5":
  version "0.6.5"
  resolved "https://bnpm.byted.org/@rspack/binding-linux-x64-gnu/-/binding-linux-x64-gnu-0.6.5.tgz#1b8445a32611c788a988ba3ee866a064eacc7f22"
  integrity sha512-KT4GBPra7ge5oHSblfM74oRgW10MKdKhyJGEKFWqRezzul8i9SHElFzcE/w6qoOOLMgYPoVc/nybRqsJp9koZg==

"@rspack/binding-linux-x64-musl@0.6.5":
  version "0.6.5"
  resolved "https://bnpm.byted.org/@rspack/binding-linux-x64-musl/-/binding-linux-x64-musl-0.6.5.tgz#088747564c271825bc10dba893ce75d2228c3ad9"
  integrity sha512-VnIzpFjzT4vkfUKPqyH4BiHJ6AMqtoeu7tychga2HpSudqCG8no4eIH2qRs9anGeuRkwb9x3uBC/1AIIiWSMsQ==

"@rspack/binding-win32-arm64-msvc@0.6.5":
  version "0.6.5"
  resolved "https://bnpm.byted.org/@rspack/binding-win32-arm64-msvc/-/binding-win32-arm64-msvc-0.6.5.tgz#a4297e962bb375e9c00c531fba3e194bd685c4e8"
  integrity sha512-V44hlcK7htG1pA/fHCc1XDGmItu7v8qQObssl/yGAn4+ZlvP6/pxPy8y5ZVwnR3NXTRzPezMvbnKGb4GxBphlw==

"@rspack/binding-win32-ia32-msvc@0.6.5":
  version "0.6.5"
  resolved "https://bnpm.byted.org/@rspack/binding-win32-ia32-msvc/-/binding-win32-ia32-msvc-0.6.5.tgz#f1ed13341d327f71695b8c44addaca2aac5f3bb6"
  integrity sha512-M4xrJDx5EcAtZ02R9Y4yJB5KVCUdQIbAF/1gDGrXZ5PQUujaNzsIdISUvNfxpfkqe0Shj6SKOTqWm8yte3ecrQ==

"@rspack/binding-win32-x64-msvc@0.6.5":
  version "0.6.5"
  resolved "https://bnpm.byted.org/@rspack/binding-win32-x64-msvc/-/binding-win32-x64-msvc-0.6.5.tgz#9f95b13be254e6f75acbfdfa6a89d744d8e1371f"
  integrity sha512-aFcBygJsClx0FozVo7zMp9OUte7MlgyBpQGnS2MZgd0kSnuZTyaUcdRiWKehP5lrPPij/ZWNJbiz5O6VNzpg3w==

"@rspack/binding@0.6.5":
  version "0.6.5"
  resolved "https://bnpm.byted.org/@rspack/binding/-/binding-0.6.5.tgz#fa1a0511a83ad4a40f70a69ae26e282a55f13098"
  integrity sha512-uHg6BYS9Uvs5Nxm0StpRX1eqx3I1SEPFhkCfh+HSbFS8ty11mKHjUZn1lYFxLBFypJ3DHtlTM3RZ4g7tmwohAQ==
  optionalDependencies:
    "@rspack/binding-darwin-arm64" "0.6.5"
    "@rspack/binding-darwin-x64" "0.6.5"
    "@rspack/binding-linux-arm64-gnu" "0.6.5"
    "@rspack/binding-linux-arm64-musl" "0.6.5"
    "@rspack/binding-linux-x64-gnu" "0.6.5"
    "@rspack/binding-linux-x64-musl" "0.6.5"
    "@rspack/binding-win32-arm64-msvc" "0.6.5"
    "@rspack/binding-win32-ia32-msvc" "0.6.5"
    "@rspack/binding-win32-x64-msvc" "0.6.5"

"@rspack/core@0.6.5":
  version "0.6.5"
  resolved "https://bnpm.byted.org/@rspack/core/-/core-0.6.5.tgz#9b8613febc4a91b56220ca02c3b368a353a8e38c"
  integrity sha512-jm0YKUZQCetccdufBfpkfSHE7BOlirrn0UmXv9C+69g8ikl9Jf4Jfr31meDWX5Z3vwZlpdryA7fUH2cblUXoBw==
  dependencies:
    "@module-federation/runtime-tools" "0.1.6"
    "@rspack/binding" "0.6.5"
    caniuse-lite "^1.0.30001616"
    enhanced-resolve "5.12.0"
    tapable "2.2.1"
    webpack-sources "3.2.3"

"@rspack/plugin-react-refresh@0.6.5":
  version "0.6.5"
  resolved "https://bnpm.byted.org/@rspack/plugin-react-refresh/-/plugin-react-refresh-0.6.5.tgz#7ddbd26ab0d62851946dc27717d1962346592841"
  integrity sha512-H7V54qtdJvBQXSL209ep3cNoeDk8Ljid7+AGeJIXj5nu3ZIF4TYYDFeiyZtn7xCIgeyiYscuQZ0DKb/qXFYqog==

"@swc/helpers@0.5.3":
  version "0.5.3"
  resolved "https://bnpm.byted.org/@swc/helpers/-/helpers-0.5.3.tgz#98c6da1e196f5f08f977658b80d6bd941b5f294f"
  integrity sha512-FaruWX6KdudYloq1AHD/4nU+UsMTdNE8CKyrseXWEcgjDAbvkwJg2QGPAnfIJLIWsjZOSPLOAykK6fuYp4vp4A==
  dependencies:
    tslib "^2.4.0"

"@types/prop-types@*":
  version "15.7.12"
  resolved "https://bnpm.byted.org/@types/prop-types/-/prop-types-15.7.12.tgz#12bb1e2be27293c1406acb6af1c3f3a1481d98c6"
  integrity sha512-5zvhXYtRNRluoE/jAp4GVsSduVUzNWKkOZrCDBWYtE7biZywwdC2AcEzg+cSMLFRfVgeAFqpfNabiPjxFddV1Q==

"@types/react-dom@^18.3.0":
  version "18.3.0"
  resolved "https://bnpm.byted.org/@types/react-dom/-/react-dom-18.3.0.tgz#0cbc818755d87066ab6ca74fbedb2547d74a82b0"
  integrity sha512-EhwApuTmMBmXuFOikhQLIBUn6uFg81SwLMOAUgodJF14SOBOCMdU04gDoYi0WOJJHD144TL32z4yDqCW3dnkQg==
  dependencies:
    "@types/react" "*"

"@types/react@*", "@types/react@^18.3.2":
  version "18.3.2"
  resolved "https://bnpm.byted.org/@types/react/-/react-18.3.2.tgz#462ae4904973bc212fa910424d901e3d137dbfcd"
  integrity sha512-Btgg89dAnqD4vV7R3hlwOxgqobUQKgx3MmrQRi0yYbs/P0ym8XozIAlkqVilPqHQwXs4e9Tf63rrCgl58BcO4w==
  dependencies:
    "@types/prop-types" "*"
    csstype "^3.0.2"

caniuse-lite@^1.0.30001616, caniuse-lite@^1.0.30001617:
  version "1.0.30001618"
  resolved "https://bnpm.byted.org/caniuse-lite/-/caniuse-lite-1.0.30001618.tgz#fad74fa006aef0f01e8e5c0a5540c74d8d36ec6f"
  integrity sha512-p407+D1tIkDvsEAPS22lJxLQQaG8OTBEqo0KhzfABGk0TU4juBNDSfH0hyAp/HRyx+M8L17z/ltyhxh27FTfQg==

core-js@~3.36.0:
  version "3.36.1"
  resolved "https://bnpm.byted.org/core-js/-/core-js-3.36.1.tgz#c97a7160ebd00b2de19e62f4bbd3406ab720e578"
  integrity sha512-BTvUrwxVBezj5SZ3f10ImnX2oRByMxql3EimVqMysepbC9EeMUOpLwdy6Eoili2x6E4kf+ZUB5k/+Jv55alPfA==

csstype@^3.0.2:
  version "3.1.3"
  resolved "https://bnpm.byted.org/csstype/-/csstype-3.1.3.tgz#d80ff294d114fb0e6ac500fbf85b60137d7eff81"
  integrity sha512-M1uQkMl8rQK/szD0LNhtqxIPLpimGm8sOBwU7lLnCpSbTyY3yeU1Vc7l4KT5zT4s/yOxHH5O7tIuuLOCnLADRw==

enhanced-resolve@5.12.0:
  version "5.12.0"
  resolved "https://bnpm.byted.org/enhanced-resolve/-/enhanced-resolve-5.12.0.tgz#300e1c90228f5b570c4d35babf263f6da7155634"
  integrity sha512-QHTXI/sZQmko1cbDoNAa3mJ5qhWUUNAq3vR0/YiD379fWQrcfuoX1+HW2S0MTt7XmoPLapdaDKUtelUSPic7hQ==
  dependencies:
    graceful-fs "^4.2.4"
    tapable "^2.2.0"

fsevents@~2.3.3:
  version "2.3.3"
  resolved "https://bnpm.byted.org/fsevents/-/fsevents-2.3.3.tgz#cac6407785d03675a2a5e1a5305c697b347d90d6"
  integrity sha512-5xoDfX+fL7faATnagmWPpbFtwh/R77WmMMqqHGS65C3vvB0YHrgF+B1YmZ3441tMj5n63k0212XNoJwzlhffQw==

graceful-fs@^4.2.4:
  version "4.2.11"
  resolved "https://bnpm.byted.org/graceful-fs/-/graceful-fs-4.2.11.tgz#4183e4e8bf08bb6e05bbb2f7d2e0c8f712ca40e3"
  integrity sha512-RbJ5/jmFcNNCcDV5o9eTnBLJ/HszWV0P73bc+Ff4nS/rJj+YaS6IGyiOL0VoBYX+l1Wrl3k63h/KrH+nhJ0XvQ==

"html-webpack-plugin@npm:html-rspack-plugin@5.7.2":
  version "5.7.2"
  resolved "https://bnpm.byted.org/html-rspack-plugin/-/html-rspack-plugin-5.7.2.tgz#c7bfe54227c38384b790ffc61127ec3161cd9a59"
  integrity sha512-uVXGYq19bcsX7Q/53VqXQjCKXw0eUMHlFGDLTaqzgj/ckverfhZQvXyA6ecFBaF9XUH16jfCTCyALYi0lJcagg==

"js-tokens@^3.0.0 || ^4.0.0":
  version "4.0.0"
  resolved "https://bnpm.byted.org/js-tokens/-/js-tokens-4.0.0.tgz#19203fb59991df98e3a287050d4647cdeaf32499"
  integrity sha512-RdJUflcE3cUzKiMqQgsCu06FPu9UdIJO0beYbPhHN4k6apgJtifcoCtT9bcxOpYBtpD2kCM6Sbzg4CausW/PKQ==

loose-envify@^1.1.0:
  version "1.4.0"
  resolved "https://bnpm.byted.org/loose-envify/-/loose-envify-1.4.0.tgz#71ee51fa7be4caec1a63839f7e682d8132d30caf"
  integrity sha512-lyuxPGr/Wfhrlem2CL/UcnUc1zcqKAImBDzukY7Y5F/yQiNdko6+fRLevlw1HgMySw7f611UIY408EtxRSoK3Q==
  dependencies:
    js-tokens "^3.0.0 || ^4.0.0"

nanoid@^3.3.7:
  version "3.3.7"
  resolved "https://bnpm.byted.org/nanoid/-/nanoid-3.3.7.tgz#d0c301a691bc8d54efa0a2226ccf3fe2fd656bd8"
  integrity sha512-eSRppjcPIatRIMC1U6UngP8XFcz8MQWGQdt1MTBQ7NaAmvXDfvNxbvWV3x2y6CdEUciCSsDHDQZbhYaB8QEo2g==

picocolors@^1.0.0:
  version "1.0.1"
  resolved "https://bnpm.byted.org/picocolors/-/picocolors-1.0.1.tgz#a8ad579b571952f0e5d25892de5445bcfe25aaa1"
  integrity sha512-anP1Z8qwhkbmu7MFP5iTt+wQKXgwzf7zTyGlcdzabySa9vd0Xt392U0rVmz9poOaBj0uHJKyyo9/upk0HrEQew==

postcss@^8.4.38:
  version "8.4.38"
  resolved "https://bnpm.byted.org/postcss/-/postcss-8.4.38.tgz#b387d533baf2054288e337066d81c6bee9db9e0e"
  integrity sha512-Wglpdk03BSfXkHoQa3b/oulrotAkwrlLDRSOb9D0bN86FdRyE9lppSp33aHNPgBa0JKCoB+drFLZkQoRRYae5A==
  dependencies:
    nanoid "^3.3.7"
    picocolors "^1.0.0"
    source-map-js "^1.2.0"

react-dom@^18.3.1:
  version "18.3.1"
  resolved "https://bnpm.byted.org/react-dom/-/react-dom-18.3.1.tgz#c2265d79511b57d479b3dd3fdfa51536494c5cb4"
  integrity sha512-5m4nQKp+rZRb09LNH59GM4BxTh9251/ylbKIbpe7TpGxfJ+9kv6BLkLBXIjjspbgbnIBNqlI23tRnTWT0snUIw==
  dependencies:
    loose-envify "^1.1.0"
    scheduler "^0.23.2"

react-refresh@^0.14.2:
  version "0.14.2"
  resolved "https://bnpm.byted.org/react-refresh/-/react-refresh-0.14.2.tgz#3833da01ce32da470f1f936b9d477da5c7028bf9"
  integrity sha512-jCvmsr+1IUSMUyzOkRcvnVbX3ZYC6g9TDrDbFuFmRDq7PD4yaGbLKNQL6k2jnArV8hjYxh7hVhAZB6s9HDGpZA==

react@^18.3.1:
  version "18.3.1"
  resolved "https://bnpm.byted.org/react/-/react-18.3.1.tgz#49ab892009c53933625bd16b2533fc754cab2891"
  integrity sha512-wS+hAgJShR0KhEvPJArfuPVN1+Hz1t0Y6n5jLrGQbkb4urgPE/0Rve+1kMB1v/oWgHgm4WIcV+i7F2pTVj+2iQ==
  dependencies:
    loose-envify "^1.1.0"

scheduler@^0.23.2:
  version "0.23.2"
  resolved "https://bnpm.byted.org/scheduler/-/scheduler-0.23.2.tgz#414ba64a3b282892e944cf2108ecc078d115cdc3"
  integrity sha512-UOShsPwz7NrMUqhR6t0hWjFduvOzbtv7toDH1/hIrfRNIDBnnBWd0CwJTGvTpngVlmwGCdP9/Zl/tVrDqcuYzQ==
  dependencies:
    loose-envify "^1.1.0"

source-map-js@^1.2.0:
  version "1.2.0"
  resolved "https://bnpm.byted.org/source-map-js/-/source-map-js-1.2.0.tgz#16b809c162517b5b8c3e7dcd315a2a5c2612b2af"
  integrity sha512-itJW8lvSA0TXEphiRoawsCksnlf8SyvmFzIhltqAHluXd88pkCd+cXJVHTDwdCr0IzwptSm035IHQktUu1QUMg==

tapable@2.2.1, tapable@^2.2.0:
  version "2.2.1"
  resolved "https://bnpm.byted.org/tapable/-/tapable-2.2.1.tgz#1967a73ef4060a82f12ab96af86d52fdb76eeca0"
  integrity sha512-GNzQvQTOIP6RyTfE2Qxb8ZVlNmw0n88vp1szwWRimP02mnTsx3Wtn5qRdqY9w2XduFNUgvOwhNnQsjwCp+kqaQ==

tslib@^2.4.0:
  version "2.6.2"
  resolved "https://bnpm.byted.org/tslib/-/tslib-2.6.2.tgz#703ac29425e7b37cd6fd456e92404d46d1f3e4ae"
  integrity sha512-AEYxH93jGFPn/a2iVAwW87VuUIkR1FVUKB77NwMF7nBTDkDrrT/Hpt/IrCJ0QXhW27jTBDcf5ZY7w6RiqTMw2Q==

typescript@^5.4.2:
  version "5.4.5"
  resolved "https://bnpm.byted.org/typescript/-/typescript-5.4.5.tgz#42ccef2c571fdbd0f6718b1d1f5e6e5ef006f611"
  integrity sha512-vcI4UpRgg81oIRUFwR0WSIHKt11nJ7SAVlYNIu+QpqeyXP+gpQJy/Z4+F0aGxSE4MqwjyXvW/TzgkLAx2AGHwQ==

webpack-sources@3.2.3:
  version "3.2.3"
  resolved "https://bnpm.byted.org/webpack-sources/-/webpack-sources-3.2.3.tgz#2d4daab8451fd4b240cc27055ff6a0c2ccea0cde"
  integrity sha512-/DyMEOrDgLKKIG0fmvtz+4dUX/3Ghozwgm6iPp8KRhvn+eQf9+Q7GWxVNMk3+uCPWfdXYC4ExGBckIXdFEfH1w==
